Microsoft Visual Studio Solution File, Format Version 12.00
# Visual Studio Version 17
VisualStudioVersion = 17.5.33516.290
MinimumVisualStudioVersion = 10.0.40219.1
Project("{9A19103F-16F7-4668-BE54-9A1E7A4F7556}") = "AnagoLeaderboard", "AnagoLeaderboard\AnagoLeaderboard.csproj", "{61CA35F3-DED4-4BC7-BCB8-30CB0E57293C}"
	ProjectSection(ProjectDependencies) = postProject
		{1E35776F-BA0F-43C3-9C6A-1039849483A7} = {1E35776F-BA0F-43C3-9C6A-1039849483A7}
		{9CB8379E-6BE3-4ECD-9602-BFFAA33FA888} = {9CB8379E-6BE3-4ECD-9602-BFFAA33FA888}
	EndProjectSection
EndProject
Project("{9A19103F-16F7-4668-BE54-9A1E7A4F7556}") = "TrueSkill", "TrueSkill\TrueSkill.csproj", "{5CD25803-E4EF-4A66-8897-778AB79BE3C2}"
EndProject
Project("{9A19103F-16F7-4668-BE54-9A1E7A4F7556}") = "UnitTests", "UnitTests\UnitTests.csproj", "{8A3C362B-95B2-49D5-AC2B-EC8AE011CECD}"
EndProject
Project("{2150E333-8FDC-42A3-9474-1A3956D46DE8}") = "src", "src", "{26EF4ABE-CF77-4013-B061-08697190994C}"
EndProject
Project("{2150E333-8FDC-42A3-9474-1A3956D46DE8}") = "tests", "tests", "{6AA3E47A-F271-4F7F-BA69-619F3D831C5E}"
EndProject
Project("{FAE04EC0-301F-11D3-BF4B-00C04F79EFBC}") = "LoggingClient", "..\..\..\..\..\..\repos\Libraries\LogComponentREST\LoggingClient\LoggingClient.csproj", "{9CB8379E-6BE3-4ECD-9602-BFFAA33FA888}"
EndProject
Project("{F184B08F-C81C-45F6-A57F-5ABD9991F28F}") = "Anago.Config", "..\..\..\..\..\..\repos\Libraries\Anago.Config\Anago.Config.vbproj", "{1E35776F-BA0F-43C3-9C6A-1039849483A7}"
EndProject
Global
	GlobalSection(SolutionConfigurationPlatforms) = preSolution
		Debug|Any CPU = Debug|Any CPU
		Debug|x64 = Debug|x64
		Debug|x86 = Debug|x86
		Release|Any CPU = Release|Any CPU
		Release|x64 = Release|x64
		Release|x86 = Release|x86
	EndGlobalSection
	GlobalSection(ProjectConfigurationPlatforms) = postSolution
		{61CA35F3-DED4-4BC7-BCB8-30CB0E57293C}.Debug|Any CPU.ActiveCfg = Debug|Any CPU
		{61CA35F3-DED4-4BC7-BCB8-30CB0E57293C}.Debug|Any CPU.Build.0 = Debug|Any CPU
		{61CA35F3-DED4-4BC7-BCB8-30CB0E57293C}.Debug|x64.ActiveCfg = Debug|Any CPU
		{61CA35F3-DED4-4BC7-BCB8-30CB0E57293C}.Debug|x64.Build.0 = Debug|Any CPU
		{61CA35F3-DED4-4BC7-BCB8-30CB0E57293C}.Debug|x86.ActiveCfg = Debug|Any CPU
		{61CA35F3-DED4-4BC7-BCB8-30CB0E57293C}.Debug|x86.Build.0 = Debug|Any CPU
		{61CA35F3-DED4-4BC7-BCB8-30CB0E57293C}.Release|Any CPU.ActiveCfg = Release|Any CPU
		{61CA35F3-DED4-4BC7-BCB8-30CB0E57293C}.Release|Any CPU.Build.0 = Release|Any CPU
		{61CA35F3-DED4-4BC7-BCB8-30CB0E57293C}.Release|x64.ActiveCfg = Release|Any CPU
		{61CA35F3-DED4-4BC7-BCB8-30CB0E57293C}.Release|x64.Build.0 = Release|Any CPU
		{61CA35F3-DED4-4BC7-BCB8-30CB0E57293C}.Release|x86.ActiveCfg = Release|Any CPU
		{61CA35F3-DED4-4BC7-BCB8-30CB0E57293C}.Release|x86.Build.0 = Release|Any CPU
		{5CD25803-E4EF-4A66-8897-778AB79BE3C2}.Debug|Any CPU.ActiveCfg = Debug|Any CPU
		{5CD25803-E4EF-4A66-8897-778AB79BE3C2}.Debug|Any CPU.Build.0 = Debug|Any CPU
		{5CD25803-E4EF-4A66-8897-778AB79BE3C2}.Debug|x64.ActiveCfg = Debug|Any CPU
		{5CD25803-E4EF-4A66-8897-778AB79BE3C2}.Debug|x64.Build.0 = Debug|Any CPU
		{5CD25803-E4EF-4A66-8897-778AB79BE3C2}.Debug|x86.ActiveCfg = Debug|Any CPU
		{5CD25803-E4EF-4A66-8897-778AB79BE3C2}.Debug|x86.Build.0 = Debug|Any CPU
		{5CD25803-E4EF-4A66-8897-778AB79BE3C2}.Release|Any CPU.ActiveCfg = Release|Any CPU
		{5CD25803-E4EF-4A66-8897-778AB79BE3C2}.Release|Any CPU.Build.0 = Release|Any CPU
		{5CD25803-E4EF-4A66-8897-778AB79BE3C2}.Release|x64.ActiveCfg = Release|Any CPU
		{5CD25803-E4EF-4A66-8897-778AB79BE3C2}.Release|x64.Build.0 = Release|Any CPU
		{5CD25803-E4EF-4A66-8897-778AB79BE3C2}.Release|x86.ActiveCfg = Release|Any CPU
		{5CD25803-E4EF-4A66-8897-778AB79BE3C2}.Release|x86.Build.0 = Release|Any CPU
		{8A3C362B-95B2-49D5-AC2B-EC8AE011CECD}.Debug|Any CPU.ActiveCfg = Debug|Any CPU
		{8A3C362B-95B2-49D5-AC2B-EC8AE011CECD}.Debug|Any CPU.Build.0 = Debug|Any CPU
		{8A3C362B-95B2-49D5-AC2B-EC8AE011CECD}.Debug|x64.ActiveCfg = Debug|Any CPU
		{8A3C362B-95B2-49D5-AC2B-EC8AE011CECD}.Debug|x64.Build.0 = Debug|Any CPU
		{8A3C362B-95B2-49D5-AC2B-EC8AE011CECD}.Debug|x86.ActiveCfg = Debug|Any CPU
		{8A3C362B-95B2-49D5-AC2B-EC8AE011CECD}.Debug|x86.Build.0 = Debug|Any CPU
		{8A3C362B-95B2-49D5-AC2B-EC8AE011CECD}.Release|Any CPU.ActiveCfg = Release|Any CPU
		{8A3C362B-95B2-49D5-AC2B-EC8AE011CECD}.Release|Any CPU.Build.0 = Release|Any CPU
		{8A3C362B-95B2-49D5-AC2B-EC8AE011CECD}.Release|x64.ActiveCfg = Release|Any CPU
		{8A3C362B-95B2-49D5-AC2B-EC8AE011CECD}.Release|x64.Build.0 = Release|Any CPU
		{8A3C362B-95B2-49D5-AC2B-EC8AE011CECD}.Release|x86.ActiveCfg = Release|Any CPU
		{8A3C362B-95B2-49D5-AC2B-EC8AE011CECD}.Release|x86.Build.0 = Release|Any CPU
		{9CB8379E-6BE3-4ECD-9602-BFFAA33FA888}.Debug|Any CPU.ActiveCfg = Debug|Any CPU
		{9CB8379E-6BE3-4ECD-9602-BFFAA33FA888}.Debug|Any CPU.Build.0 = Debug|Any CPU
		{9CB8379E-6BE3-4ECD-9602-BFFAA33FA888}.Debug|x64.ActiveCfg = Debug|Any CPU
		{9CB8379E-6BE3-4ECD-9602-BFFAA33FA888}.Debug|x64.Build.0 = Debug|Any CPU
		{9CB8379E-6BE3-4ECD-9602-BFFAA33FA888}.Debug|x86.ActiveCfg = Debug|Any CPU
		{9CB8379E-6BE3-4ECD-9602-BFFAA33FA888}.Debug|x86.Build.0 = Debug|Any CPU
		{9CB8379E-6BE3-4ECD-9602-BFFAA33FA888}.Release|Any CPU.ActiveCfg = Release|Any CPU
		{9CB8379E-6BE3-4ECD-9602-BFFAA33FA888}.Release|Any CPU.Build.0 = Release|Any CPU
		{9CB8379E-6BE3-4ECD-9602-BFFAA33FA888}.Release|x64.ActiveCfg = Release|Any CPU
		{9CB8379E-6BE3-4ECD-9602-BFFAA33FA888}.Release|x64.Build.0 = Release|Any CPU
		{9CB8379E-6BE3-4ECD-9602-BFFAA33FA888}.Release|x86.ActiveCfg = Release|Any CPU
		{9CB8379E-6BE3-4ECD-9602-BFFAA33FA888}.Release|x86.Build.0 = Release|Any CPU
		{1E35776F-BA0F-43C3-9C6A-1039849483A7}.Debug|Any CPU.ActiveCfg = Debug|Any CPU
		{1E35776F-BA0F-43C3-9C6A-1039849483A7}.Debug|Any CPU.Build.0 = Debug|Any CPU
		{1E35776F-BA0F-43C3-9C6A-1039849483A7}.Debug|x64.ActiveCfg = Debug|x64
		{1E35776F-BA0F-43C3-9C6A-1039849483A7}.Debug|x64.Build.0 = Debug|x64
		{1E35776F-BA0F-43C3-9C6A-1039849483A7}.Debug|x86.ActiveCfg = Debug|Any CPU
		{1E35776F-BA0F-43C3-9C6A-1039849483A7}.Debug|x86.Build.0 = Debug|Any CPU
		{1E35776F-BA0F-43C3-9C6A-1039849483A7}.Release|Any CPU.ActiveCfg = Release|Any CPU
		{1E35776F-BA0F-43C3-9C6A-1039849483A7}.Release|Any CPU.Build.0 = Release|Any CPU
		{1E35776F-BA0F-43C3-9C6A-1039849483A7}.Release|x64.ActiveCfg = Release|x64
		{1E35776F-BA0F-43C3-9C6A-1039849483A7}.Release|x64.Build.0 = Release|x64
		{1E35776F-BA0F-43C3-9C6A-1039849483A7}.Release|x86.ActiveCfg = Release|x86
		{1E35776F-BA0F-43C3-9C6A-1039849483A7}.Release|x86.Build.0 = Release|x86
	EndGlobalSection
	GlobalSection(SolutionProperties) = preSolution
		HideSolutionNode = FALSE
	EndGlobalSection
	GlobalSection(NestedProjects) = preSolution
		{61CA35F3-DED4-4BC7-BCB8-30CB0E57293C} = {26EF4ABE-CF77-4013-B061-08697190994C}
		{5CD25803-E4EF-4A66-8897-778AB79BE3C2} = {26EF4ABE-CF77-4013-B061-08697190994C}
		{8A3C362B-95B2-49D5-AC2B-EC8AE011CECD} = {6AA3E47A-F271-4F7F-BA69-619F3D831C5E}
	EndGlobalSection
	GlobalSection(ExtensibilityGlobals) = postSolution
		SolutionGuid = {C0BD7131-0E70-4A37-896F-98C94B225306}
	EndGlobalSection
EndGlobal
